
Microsoft Visual Studio Solution File, Format Version 12.00
# Visual Studio Version 17
VisualStudioVersion = 17.9.34902.65
MinimumVisualStudioVersion = 10.0.40219.1
Project("{9A19103F-16F7-4668-BE54-9A1E7A4F7556}") = "CinemaApp", "CinemaApp\CinemaApp.csproj", "{61478171-EE21-45CE-89C1-3E8EEDCCE928}"
EndProject
Project("{9A19103F-16F7-4668-BE54-9A1E7A4F7556}") = "Cinema.Core", "Cinema.Core\Cinema.Core.csproj", "{EE9DF657-466A-438A-AF1B-E513B525039A}"
EndProject
Project("{9A19103F-16F7-4668-BE54-9A1E7A4F7556}") = "Cinema.Data", "Cinema.Data\Cinema.Data.csproj", "{92B2D1AD-C42F-4704-8CDD-62531BFE17BA}"
EndProject
Project("{9A19103F-16F7-4668-BE54-9A1E7A4F7556}") = "Cinema.Service", "Cinema.Service\Cinema.Service.csproj", "{E7332E47-5DBB-4781-8879-917A17602440}"
EndProject
Project("{9A19103F-16F7-4668-BE54-9A1E7A4F7556}") = "Cinema.UI", "Cinema.UI\Cinema.UI.csproj", "{B62453B1-D22F-4EFE-A68C-39ED45B79F6F}"
EndProject
Project("{FAE04EC0-301F-11D3-BF4B-00C04F79EFBC}") = "Cinema.Test", "Cinema.Test\Cinema.Test.csproj", "{A7FA6C77-6254-403C-8212-443BF288D0E7}"
EndProject
Global
	GlobalSection(SolutionConfigurationPlatforms) = preSolution
		Debug|Any CPU = Debug|Any CPU
		Release|Any CPU = Release|Any CPU
	EndGlobalSection
	GlobalSection(ProjectConfigurationPlatforms) = postSolution
		{61478171-EE21-45CE-89C1-3E8EEDCCE928}.Debug|Any CPU.ActiveCfg = Debug|Any CPU
		{61478171-EE21-45CE-89C1-3E8EEDCCE928}.Debug|Any CPU.Build.0 = Debug|Any CPU
		{61478171-EE21-45CE-89C1-3E8EEDCCE928}.Release|Any CPU.ActiveCfg = Release|Any CPU
		{61478171-EE21-45CE-89C1-3E8EEDCCE928}.Release|Any CPU.Build.0 = Release|Any CPU
		{EE9DF657-466A-438A-AF1B-E513B525039A}.Debug|Any CPU.ActiveCfg = Debug|Any CPU
		{EE9DF657-466A-438A-AF1B-E513B525039A}.Debug|Any CPU.Build.0 = Debug|Any CPU
		{EE9DF657-466A-438A-AF1B-E513B525039A}.Release|Any CPU.ActiveCfg = Release|Any CPU
		{EE9DF657-466A-438A-AF1B-E513B525039A}.Release|Any CPU.Build.0 = Release|Any CPU
		{92B2D1AD-C42F-4704-8CDD-62531BFE17BA}.Debug|Any CPU.ActiveCfg = Debug|Any CPU
		{92B2D1AD-C42F-4704-8CDD-62531BFE17BA}.Debug|Any CPU.Build.0 = Debug|Any CPU
		{92B2D1AD-C42F-4704-8CDD-62531BFE17BA}.Release|Any CPU.ActiveCfg = Release|Any CPU
		{92B2D1AD-C42F-4704-8CDD-62531BFE17BA}.Release|Any CPU.Build.0 = Release|Any CPU
		{E7332E47-5DBB-4781-8879-917A17602440}.Debug|Any CPU.ActiveCfg = Debug|Any CPU
		{E7332E47-5DBB-4781-8879-917A17602440}.Debug|Any CPU.Build.0 = Debug|Any CPU
		{E7332E47-5DBB-4781-8879-917A17602440}.Release|Any CPU.ActiveCfg = Release|Any CPU
		{E7332E47-5DBB-4781-8879-917A17602440}.Release|Any CPU.Build.0 = Release|Any CPU
		{B62453B1-D22F-4EFE-A68C-39ED45B79F6F}.Debug|Any CPU.ActiveCfg = Debug|Any CPU
		{B62453B1-D22F-4EFE-A68C-39ED45B79F6F}.Debug|Any CPU.Build.0 = Debug|Any CPU
		{B62453B1-D22F-4EFE-A68C-39ED45B79F6F}.Release|Any CPU.ActiveCfg = Release|Any CPU
		{B62453B1-D22F-4EFE-A68C-39ED45B79F6F}.Release|Any CPU.Build.0 = Release|Any CPU
		{A7FA6C77-6254-403C-8212-443BF288D0E7}.Debug|Any CPU.ActiveCfg = Debug|Any CPU
		{A7FA6C77-6254-403C-8212-443BF288D0E7}.Debug|Any CPU.Build.0 = Debug|Any CPU
		{A7FA6C77-6254-403C-8212-443BF288D0E7}.Release|Any CPU.ActiveCfg = Release|Any CPU
		{A7FA6C77-6254-403C-8212-443BF288D0E7}.Release|Any CPU.Build.0 = Release|Any CPU
	EndGlobalSection
	GlobalSection(SolutionProperties) = preSolution
		HideSolutionNode = FALSE
	EndGlobalSection
	GlobalSection(ExtensibilityGlobals) = postSolution
		SolutionGuid = {92F164C2-54B9-4F9D-A3AF-00528BC74B59}
	EndGlobalSection
EndGlobal
